
Microsoft Visual Studio Solution File, Format Version 12.00
# Visual Studio Version 16
VisualStudioVersion = 16.0.30711.63
MinimumVisualStudioVersion = 10.0.40219.1
Project("{FAE04EC0-301F-11D3-BF4B-00C04F79EFBC}") = "чб", "чб\чб.csproj", "{9E6F5F9E-9373-49B3-9785-CBE07C86DC33}"
EndProject
Global
	GlobalSection(SolutionConfigurationPlatforms) = preSolution
		Debug|Any CPU = Debug|Any CPU
		Release|Any CPU = Release|Any CPU
	EndGlobalSection
	GlobalSection(ProjectConfigurationPlatforms) = postSolution
		{9E6F5F9E-9373-49B3-9785-CBE07C86DC33}.Debug|Any CPU.ActiveCfg = Debug|Any CPU
		{9E6F5F9E-9373-49B3-9785-CBE07C86DC33}.Debug|Any CPU.Build.0 = Debug|Any CPU
		{9E6F5F9E-9373-49B3-9785-CBE07C86DC33}.Release|Any CPU.ActiveCfg = Release|Any CPU
		{9E6F5F9E-9373-49B3-9785-CBE07C86DC33}.Release|Any CPU.Build.0 = Release|Any CPU
	EndGlobalSection
	GlobalSection(SolutionProperties) = preSolution
		HideSolutionNode = FALSE
	EndGlobalSection
	GlobalSection(ExtensibilityGlobals) = postSolution
		SolutionGuid = {DEF2DBE3-0E58-43A1-9BC2-53517D4C2C67}
	EndGlobalSection
EndGlobal
